
Microsoft Visual Studio Solution File, Format Version 12.00
# Visual Studio 15
VisualStudioVersion = 15.0.28307.705
MinimumVisualStudioVersion = 10.0.40219.1
Project("{FAE04EC0-301F-11D3-BF4B-00C04F79EFBC}") = "COMP123-S2019-Assignment5", "COMP123-S2019-Assignment5\COMP123-S2019-Assignment5.csproj", "{B612D024-0CAC-4ADE-A5E9-FF29EC1FA1F1}"
EndProject
Global
	GlobalSection(SolutionConfigurationPlatforms) = preSolution
		Debug|Any CPU = Debug|Any CPU
		Release|Any CPU = Release|Any CPU
	EndGlobalSection
	GlobalSection(ProjectConfigurationPlatforms) = postSolution
		{B612D024-0CAC-4ADE-A5E9-FF29EC1FA1F1}.Debug|Any CPU.ActiveCfg = Debug|Any CPU
		{B612D024-0CAC-4ADE-A5E9-FF29EC1FA1F1}.Debug|Any CPU.Build.0 = Debug|Any CPU
		{B612D024-0CAC-4ADE-A5E9-FF29EC1FA1F1}.Release|Any CPU.ActiveCfg = Release|Any CPU
		{B612D024-0CAC-4ADE-A5E9-FF29EC1FA1F1}.Release|Any CPU.Build.0 = Release|Any CPU
	EndGlobalSection
	GlobalSection(SolutionProperties) = preSolution
		HideSolutionNode = FALSE
	EndGlobalSection
	GlobalSection(ExtensibilityGlobals) = postSolution
		SolutionGuid = {96802934-DDFD-4470-89BA-83447CFA9DFD}
	EndGlobalSection
EndGlobal
